
Microsoft Visual Studio Solution File, Format Version 12.00
# Visual Studio 15
VisualStudioVersion = 15.0.28010.2048
MinimumVisualStudioVersion = 10.0.40219.1
Project("{9A19103F-16F7-4668-BE54-9A1E7A4F7556}") = "AccorBooking_WEB", "AccorBooking_WEB\AccorBooking_WEB.csproj", "{1345706D-2634-4CA3-BDE6-A4186384448B}"
EndProject
Project("{9A19103F-16F7-4668-BE54-9A1E7A4F7556}") = "AccorBooking_API_USER", "AccorBooking_API_USER\AccorBooking_API_USER.csproj", "{001CF566-1F1A-4F18-B912-87036225F34A}"
EndProject
Project("{9A19103F-16F7-4668-BE54-9A1E7A4F7556}") = "AccorBooking_DAL", "AccorBooking_DAL\AccorBooking_DAL.csproj", "{5DC7DA0A-2002-4E1B-A171-C8FA389ACF9E}"
EndProject
Project("{9A19103F-16F7-4668-BE54-9A1E7A4F7556}") = "AccorBooking_Entity", "AccorBooking_Entity\AccorBooking_Entity.csproj", "{FDC2F219-7252-45B2-90A8-9F7B78A02EA8}"
EndProject
Project("{2150E333-8FDC-42A3-9474-1A3956D46DE8}") = "FRONT", "FRONT", "{A9A399D5-975D-4E9F-B067-15941FC58D9A}"
EndProject
Project("{2150E333-8FDC-42A3-9474-1A3956D46DE8}") = "SERVICES", "SERVICES", "{C6507B7E-C6F1-4935-8C02-7A532505CF33}"
EndProject
Project("{2150E333-8FDC-42A3-9474-1A3956D46DE8}") = "COMMON", "COMMON", "{774A48B3-80D4-4CE7-B272-D52B8F0B7A13}"
EndProject
Project("{9A19103F-16F7-4668-BE54-9A1E7A4F7556}") = "AccorBooking_Business", "AccorBooking_Business\AccorBooking_Business.csproj", "{92E15890-3351-4DEE-AC63-D6117AAD9920}"
EndProject
Project("{FAE04EC0-301F-11D3-BF4B-00C04F79EFBC}") = "AccorBooking_API_CATALOG", "AccorBooking_API_HOTEL\AccorBooking_API_CATALOG.csproj", "{A0D91A2B-6859-4B22-A962-FD62F8616D17}"
EndProject
Global
	GlobalSection(SolutionConfigurationPlatforms) = preSolution
		Debug|Any CPU = Debug|Any CPU
		Release|Any CPU = Release|Any CPU
	EndGlobalSection
	GlobalSection(ProjectConfigurationPlatforms) = postSolution
		{1345706D-2634-4CA3-BDE6-A4186384448B}.Debug|Any CPU.ActiveCfg = Debug|Any CPU
		{1345706D-2634-4CA3-BDE6-A4186384448B}.Debug|Any CPU.Build.0 = Debug|Any CPU
		{1345706D-2634-4CA3-BDE6-A4186384448B}.Release|Any CPU.ActiveCfg = Release|Any CPU
		{1345706D-2634-4CA3-BDE6-A4186384448B}.Release|Any CPU.Build.0 = Release|Any CPU
		{001CF566-1F1A-4F18-B912-87036225F34A}.Debug|Any CPU.ActiveCfg = Debug|Any CPU
		{001CF566-1F1A-4F18-B912-87036225F34A}.Debug|Any CPU.Build.0 = Debug|Any CPU
		{001CF566-1F1A-4F18-B912-87036225F34A}.Release|Any CPU.ActiveCfg = Release|Any CPU
		{001CF566-1F1A-4F18-B912-87036225F34A}.Release|Any CPU.Build.0 = Release|Any CPU
		{5DC7DA0A-2002-4E1B-A171-C8FA389ACF9E}.Debug|Any CPU.ActiveCfg = Debug|Any CPU
		{5DC7DA0A-2002-4E1B-A171-C8FA389ACF9E}.Debug|Any CPU.Build.0 = Debug|Any CPU
		{5DC7DA0A-2002-4E1B-A171-C8FA389ACF9E}.Release|Any CPU.ActiveCfg = Release|Any CPU
		{5DC7DA0A-2002-4E1B-A171-C8FA389ACF9E}.Release|Any CPU.Build.0 = Release|Any CPU
		{FDC2F219-7252-45B2-90A8-9F7B78A02EA8}.Debug|Any CPU.ActiveCfg = Debug|Any CPU
		{FDC2F219-7252-45B2-90A8-9F7B78A02EA8}.Debug|Any CPU.Build.0 = Debug|Any CPU
		{FDC2F219-7252-45B2-90A8-9F7B78A02EA8}.Release|Any CPU.ActiveCfg = Release|Any CPU
		{FDC2F219-7252-45B2-90A8-9F7B78A02EA8}.Release|Any CPU.Build.0 = Release|Any CPU
		{92E15890-3351-4DEE-AC63-D6117AAD9920}.Debug|Any CPU.ActiveCfg = Debug|Any CPU
		{92E15890-3351-4DEE-AC63-D6117AAD9920}.Debug|Any CPU.Build.0 = Debug|Any CPU
		{92E15890-3351-4DEE-AC63-D6117AAD9920}.Release|Any CPU.ActiveCfg = Release|Any CPU
		{92E15890-3351-4DEE-AC63-D6117AAD9920}.Release|Any CPU.Build.0 = Release|Any CPU
		{A0D91A2B-6859-4B22-A962-FD62F8616D17}.Debug|Any CPU.ActiveCfg = Debug|Any CPU
		{A0D91A2B-6859-4B22-A962-FD62F8616D17}.Debug|Any CPU.Build.0 = Debug|Any CPU
		{A0D91A2B-6859-4B22-A962-FD62F8616D17}.Release|Any CPU.ActiveCfg = Release|Any CPU
		{A0D91A2B-6859-4B22-A962-FD62F8616D17}.Release|Any CPU.Build.0 = Release|Any CPU
	EndGlobalSection
	GlobalSection(SolutionProperties) = preSolution
		HideSolutionNode = FALSE
	EndGlobalSection
	GlobalSection(NestedProjects) = preSolution
		{1345706D-2634-4CA3-BDE6-A4186384448B} = {A9A399D5-975D-4E9F-B067-15941FC58D9A}
		{001CF566-1F1A-4F18-B912-87036225F34A} = {C6507B7E-C6F1-4935-8C02-7A532505CF33}
		{5DC7DA0A-2002-4E1B-A171-C8FA389ACF9E} = {774A48B3-80D4-4CE7-B272-D52B8F0B7A13}
		{FDC2F219-7252-45B2-90A8-9F7B78A02EA8} = {774A48B3-80D4-4CE7-B272-D52B8F0B7A13}
		{92E15890-3351-4DEE-AC63-D6117AAD9920} = {774A48B3-80D4-4CE7-B272-D52B8F0B7A13}
		{A0D91A2B-6859-4B22-A962-FD62F8616D17} = {C6507B7E-C6F1-4935-8C02-7A532505CF33}
	EndGlobalSection
	GlobalSection(ExtensibilityGlobals) = postSolution
		SolutionGuid = {79CAF3B4-B508-4B53-B0F6-83478B10927A}
	EndGlobalSection
EndGlobal
